
Microsoft Visual Studio Solution File, Format Version 12.00
# Visual Studio 15
VisualStudioVersion = 15.0.28307.421
MinimumVisualStudioVersion = 10.0.40219.1
Project("{FAE04EC0-301F-11D3-BF4B-00C04F79EFBC}") = "Examen3App", "Examen3App\Examen3App.csproj", "{6A873AB6-84AB-43F2-99EE-E5A5FABE707D}"
EndProject
Global
	GlobalSection(SolutionConfigurationPlatforms) = preSolution
		Debug|Any CPU = Debug|Any CPU
		Release|Any CPU = Release|Any CPU
	EndGlobalSection
	GlobalSection(ProjectConfigurationPlatforms) = postSolution
		{6A873AB6-84AB-43F2-99EE-E5A5FABE707D}.Debug|Any CPU.ActiveCfg = Debug|Any CPU
		{6A873AB6-84AB-43F2-99EE-E5A5FABE707D}.Debug|Any CPU.Build.0 = Debug|Any CPU
		{6A873AB6-84AB-43F2-99EE-E5A5FABE707D}.Release|Any CPU.ActiveCfg = Release|Any CPU
		{6A873AB6-84AB-43F2-99EE-E5A5FABE707D}.Release|Any CPU.Build.0 = Release|Any CPU
	EndGlobalSection
	GlobalSection(SolutionProperties) = preSolution
		HideSolutionNode = FALSE
	EndGlobalSection
	GlobalSection(ExtensibilityGlobals) = postSolution
		SolutionGuid = {D40ADD78-84AE-425F-819B-B3D9235756DA}
	EndGlobalSection
EndGlobal
